
Microsoft Visual Studio Solution File, Format Version 12.00
# Visual Studio Version 17
VisualStudioVersion = 17.3.32811.315
MinimumVisualStudioVersion = 10.0.40219.1
Project("{FAE04EC0-301F-11D3-BF4B-00C04F79EFBC}") = "Viagem", "Viagem\Viagem.csproj", "{5C99A1F7-B642-4F0F-B8D6-FA91EBAFE665}"
EndProject
Project("{FAE04EC0-301F-11D3-BF4B-00C04F79EFBC}") = "Banco", "Banco\Banco.csproj", "{4AAC9FBC-7101-4E8E-B3BB-0EE6519A87CF}"
EndProject
Project("{FAE04EC0-301F-11D3-BF4B-00C04F79EFBC}") = "Triangulo", "Triangulo\Triangulo.csproj", "{74FE2AEB-D359-4772-872A-50866B51A32A}"
EndProject
Project("{FAE04EC0-301F-11D3-BF4B-00C04F79EFBC}") = "Livraria", "Livraria\Livraria.csproj", "{70E496EA-768C-47E0-80C7-CF8718702352}"
EndProject
Project("{FAE04EC0-301F-11D3-BF4B-00C04F79EFBC}") = "ControleBancarioAbstract", "ControleBancarioAbstract\ControleBancarioAbstract.csproj", "{FCBBD381-53B0-4FA0-9FE7-BE123C589E9B}"
EndProject
Global
	GlobalSection(SolutionConfigurationPlatforms) = preSolution
		Debug|Any CPU = Debug|Any CPU
		Release|Any CPU = Release|Any CPU
	EndGlobalSection
	GlobalSection(ProjectConfigurationPlatforms) = postSolution
		{5C99A1F7-B642-4F0F-B8D6-FA91EBAFE665}.Debug|Any CPU.ActiveCfg = Debug|Any CPU
		{5C99A1F7-B642-4F0F-B8D6-FA91EBAFE665}.Debug|Any CPU.Build.0 = Debug|Any CPU
		{5C99A1F7-B642-4F0F-B8D6-FA91EBAFE665}.Release|Any CPU.ActiveCfg = Release|Any CPU
		{5C99A1F7-B642-4F0F-B8D6-FA91EBAFE665}.Release|Any CPU.Build.0 = Release|Any CPU
		{4AAC9FBC-7101-4E8E-B3BB-0EE6519A87CF}.Debug|Any CPU.ActiveCfg = Debug|Any CPU
		{4AAC9FBC-7101-4E8E-B3BB-0EE6519A87CF}.Debug|Any CPU.Build.0 = Debug|Any CPU
		{4AAC9FBC-7101-4E8E-B3BB-0EE6519A87CF}.Release|Any CPU.ActiveCfg = Release|Any CPU
		{4AAC9FBC-7101-4E8E-B3BB-0EE6519A87CF}.Release|Any CPU.Build.0 = Release|Any CPU
		{74FE2AEB-D359-4772-872A-50866B51A32A}.Debug|Any CPU.ActiveCfg = Debug|Any CPU
		{74FE2AEB-D359-4772-872A-50866B51A32A}.Debug|Any CPU.Build.0 = Debug|Any CPU
		{74FE2AEB-D359-4772-872A-50866B51A32A}.Release|Any CPU.ActiveCfg = Release|Any CPU
		{74FE2AEB-D359-4772-872A-50866B51A32A}.Release|Any CPU.Build.0 = Release|Any CPU
		{70E496EA-768C-47E0-80C7-CF8718702352}.Debug|Any CPU.ActiveCfg = Debug|Any CPU
		{70E496EA-768C-47E0-80C7-CF8718702352}.Debug|Any CPU.Build.0 = Debug|Any CPU
		{70E496EA-768C-47E0-80C7-CF8718702352}.Release|Any CPU.ActiveCfg = Release|Any CPU
		{70E496EA-768C-47E0-80C7-CF8718702352}.Release|Any CPU.Build.0 = Release|Any CPU
		{FCBBD381-53B0-4FA0-9FE7-BE123C589E9B}.Debug|Any CPU.ActiveCfg = Debug|Any CPU
		{FCBBD381-53B0-4FA0-9FE7-BE123C589E9B}.Debug|Any CPU.Build.0 = Debug|Any CPU
		{FCBBD381-53B0-4FA0-9FE7-BE123C589E9B}.Release|Any CPU.ActiveCfg = Release|Any CPU
		{FCBBD381-53B0-4FA0-9FE7-BE123C589E9B}.Release|Any CPU.Build.0 = Release|Any CPU
	EndGlobalSection
	GlobalSection(SolutionProperties) = preSolution
		HideSolutionNode = FALSE
	EndGlobalSection
	GlobalSection(ExtensibilityGlobals) = postSolution
		SolutionGuid = {C5E75D5F-A02E-48EE-AB64-A4566C7CB81F}
	EndGlobalSection
EndGlobal
